
Microsoft Visual Studio Solution File, Format Version 12.00
# Visual Studio Version 17
VisualStudioVersion = 17.8.34330.188
MinimumVisualStudioVersion = 10.0.40219.1
Project("{FAE04EC0-301F-11D3-BF4B-00C04F79EFBC}") = "sap-hana-user-export", "sap-hana-user-export.csproj", "{A61ED078-3B2D-45F5-939B-96DEFAA57F50}"
EndProject
Global
	GlobalSection(SolutionConfigurationPlatforms) = preSolution
		Debug|Any CPU = Debug|Any CPU
		Release|Any CPU = Release|Any CPU
	EndGlobalSection
	GlobalSection(ProjectConfigurationPlatforms) = postSolution
		{A61ED078-3B2D-45F5-939B-96DEFAA57F50}.Debug|Any CPU.ActiveCfg = Debug|Any CPU
		{A61ED078-3B2D-45F5-939B-96DEFAA57F50}.Debug|Any CPU.Build.0 = Debug|Any CPU
		{A61ED078-3B2D-45F5-939B-96DEFAA57F50}.Release|Any CPU.ActiveCfg = Release|Any CPU
		{A61ED078-3B2D-45F5-939B-96DEFAA57F50}.Release|Any CPU.Build.0 = Release|Any CPU
	EndGlobalSection
	GlobalSection(SolutionProperties) = preSolution
		HideSolutionNode = FALSE
	EndGlobalSection
	GlobalSection(ExtensibilityGlobals) = postSolution
		SolutionGuid = {9D86956E-9D06-4D8A-8F00-356B428DA2A5}
	EndGlobalSection
EndGlobal
